Microsoft Visual Studio Solution File, Format Version 12.00
# Visual Studio Version 17
VisualStudioVersion = 17.5.2.0
MinimumVisualStudioVersion = 10.0.40219.1
Project("{FAE04EC0-301F-11D3-BF4B-00C04F79EFBC}") = "ExpensiveInnit.WebApi", "ExpensiveInnit.WebApi\ExpensiveInnit.WebApi.csproj", "{CEC7CB78-4E2D-0940-DCBF-7428D7F9B7E8}"
EndProject
Global
	GlobalSection(SolutionConfigurationPlatforms) = preSolution
		Debug|Any CPU = Debug|Any CPU
		Release|Any CPU = Release|Any CPU
	EndGlobalSection
	GlobalSection(ProjectConfigurationPlatforms) = postSolution
		{CEC7CB78-4E2D-0940-DCBF-7428D7F9B7E8}.Debug|Any CPU.ActiveCfg = Debug|Any CPU
		{CEC7CB78-4E2D-0940-DCBF-7428D7F9B7E8}.Debug|Any CPU.Build.0 = Debug|Any CPU
		{CEC7CB78-4E2D-0940-DCBF-7428D7F9B7E8}.Release|Any CPU.ActiveCfg = Release|Any CPU
		{CEC7CB78-4E2D-0940-DCBF-7428D7F9B7E8}.Release|Any CPU.Build.0 = Release|Any CPU
	EndGlobalSection
	GlobalSection(SolutionProperties) = preSolution
		HideSolutionNode = FALSE
	EndGlobalSection
	GlobalSection(ExtensibilityGlobals) = postSolution
		SolutionGuid = {F9C39A80-D72D-44E7-AF17-33F7C0E42E3C}
	EndGlobalSection
EndGlobal
